
Microsoft Visual Studio Solution File, Format Version 12.00
# Visual Studio Version 16
VisualStudioVersion = 16.0.29613.14
MinimumVisualStudioVersion = 10.0.40219.1
Project("{FAE04EC0-301F-11D3-BF4B-00C04F79EFBC}") = "BikesParking", "BikesParking\BikesParking.csproj", "{CAAC8287-5EBA-4A39-B991-63C647434083}"
EndProject
Project("{FAE04EC0-301F-11D3-BF4B-00C04F79EFBC}") = "BikeParkingLib", "BikeParkingLib\BikeParkingLib.csproj", "{4A1057F2-42EF-4F41-920C-BA58B770D301}"
EndProject
Global
	GlobalSection(SolutionConfigurationPlatforms) = preSolution
		Debug|Any CPU = Debug|Any CPU
		Release|Any CPU = Release|Any CPU
	EndGlobalSection
	GlobalSection(ProjectConfigurationPlatforms) = postSolution
		{CAAC8287-5EBA-4A39-B991-63C647434083}.Debug|Any CPU.ActiveCfg = Debug|Any CPU
		{CAAC8287-5EBA-4A39-B991-63C647434083}.Debug|Any CPU.Build.0 = Debug|Any CPU
		{CAAC8287-5EBA-4A39-B991-63C647434083}.Release|Any CPU.ActiveCfg = Release|Any CPU
		{CAAC8287-5EBA-4A39-B991-63C647434083}.Release|Any CPU.Build.0 = Release|Any CPU
		{4A1057F2-42EF-4F41-920C-BA58B770D301}.Debug|Any CPU.ActiveCfg = Debug|Any CPU
		{4A1057F2-42EF-4F41-920C-BA58B770D301}.Debug|Any CPU.Build.0 = Debug|Any CPU
		{4A1057F2-42EF-4F41-920C-BA58B770D301}.Release|Any CPU.ActiveCfg = Release|Any CPU
		{4A1057F2-42EF-4F41-920C-BA58B770D301}.Release|Any CPU.Build.0 = Release|Any CPU
	EndGlobalSection
	GlobalSection(SolutionProperties) = preSolution
		HideSolutionNode = FALSE
	EndGlobalSection
	GlobalSection(ExtensibilityGlobals) = postSolution
		SolutionGuid = {0BE240A0-5537-4CBA-A726-01D95B656806}
	EndGlobalSection
EndGlobal
